Microsoft Visual Studio Solution File, Format Version 12.00
# Visual Studio Version 17
VisualStudioVersion = 17.5.2.0
MinimumVisualStudioVersion = 10.0.40219.1
Project("{FAE04EC0-301F-11D3-BF4B-00C04F79EFBC}") = "cE_Sim", "cE_Sim.csproj", "{B3B43252-4E51-F85F-F749-3989B6D8AEB2}"
EndProject
Global
	GlobalSection(SolutionConfigurationPlatforms) = preSolution
		Debug|Any CPU = Debug|Any CPU
		Release|Any CPU = Release|Any CPU
	EndGlobalSection
	GlobalSection(ProjectConfigurationPlatforms) = postSolution
		{B3B43252-4E51-F85F-F749-3989B6D8AEB2}.Debug|Any CPU.ActiveCfg = Debug|Any CPU
		{B3B43252-4E51-F85F-F749-3989B6D8AEB2}.Debug|Any CPU.Build.0 = Debug|Any CPU
		{B3B43252-4E51-F85F-F749-3989B6D8AEB2}.Release|Any CPU.ActiveCfg = Release|Any CPU
		{B3B43252-4E51-F85F-F749-3989B6D8AEB2}.Release|Any CPU.Build.0 = Release|Any CPU
	EndGlobalSection
	GlobalSection(SolutionProperties) = preSolution
		HideSolutionNode = FALSE
	EndGlobalSection
	GlobalSection(ExtensibilityGlobals) = postSolution
		SolutionGuid = {698B8DD6-BD9B-4C2B-982B-C423905B9969}
	EndGlobalSection
EndGlobal
